
Microsoft Visual Studio Solution File, Format Version 12.00
# Visual Studio 15
VisualStudioVersion = 15.0.27130.2027
MinimumVisualStudioVersion = 10.0.40219.1
Project("{FAE04EC0-301F-11D3-BF4B-00C04F79EFBC}") = "CustomMoodle", "CustomMoodle\CustomMoodle.csproj", "{EF38FD1E-B5E0-480F-8BAE-8E1F4AE42E8F}"
EndProject
Project("{FAE04EC0-301F-11D3-BF4B-00C04F79EFBC}") = "Domain", "Domain\Domain.csproj", "{87617336-A7EB-422A-8B3A-7D98C9D2254B}"
EndProject
Global
	GlobalSection(SolutionConfigurationPlatforms) = preSolution
		Debug|Any CPU = Debug|Any CPU
		Release|Any CPU = Release|Any CPU
	EndGlobalSection
	GlobalSection(ProjectConfigurationPlatforms) = postSolution
		{EF38FD1E-B5E0-480F-8BAE-8E1F4AE42E8F}.Debug|Any CPU.ActiveCfg = Debug|Any CPU
		{EF38FD1E-B5E0-480F-8BAE-8E1F4AE42E8F}.Debug|Any CPU.Build.0 = Debug|Any CPU
		{EF38FD1E-B5E0-480F-8BAE-8E1F4AE42E8F}.Release|Any CPU.ActiveCfg = Release|Any CPU
		{EF38FD1E-B5E0-480F-8BAE-8E1F4AE42E8F}.Release|Any CPU.Build.0 = Release|Any CPU
		{87617336-A7EB-422A-8B3A-7D98C9D2254B}.Debug|Any CPU.ActiveCfg = Debug|Any CPU
		{87617336-A7EB-422A-8B3A-7D98C9D2254B}.Debug|Any CPU.Build.0 = Debug|Any CPU
		{87617336-A7EB-422A-8B3A-7D98C9D2254B}.Release|Any CPU.ActiveCfg = Release|Any CPU
		{87617336-A7EB-422A-8B3A-7D98C9D2254B}.Release|Any CPU.Build.0 = Release|Any CPU
	EndGlobalSection
	GlobalSection(SolutionProperties) = preSolution
		HideSolutionNode = FALSE
	EndGlobalSection
	GlobalSection(ExtensibilityGlobals) = postSolution
		SolutionGuid = {34D9CE99-D75E-4FBA-B024-900F00AB8523}
	EndGlobalSection
EndGlobal
